
Microsoft Visual Studio Solution File, Format Version 12.00
# Visual Studio Version 16
VisualStudioVersion = 16.0.30114.105
MinimumVisualStudioVersion = 10.0.40219.1
Project("{FAE04EC0-301F-11D3-BF4B-00C04F79EFBC}") = "Tycoon", "Tycoon\Tycoon.csproj", "{68FE3F5F-6A89-4CB2-AABD-46DB20A8B384}"
EndProject
Global
	GlobalSection(SolutionConfigurationPlatforms) = preSolution
		Debug|Any CPU = Debug|Any CPU
		Release|Any CPU = Release|Any CPU
	EndGlobalSection
	GlobalSection(SolutionProperties) = preSolution
		HideSolutionNode = FALSE
	EndGlobalSection
	GlobalSection(ProjectConfigurationPlatforms) = postSolution
		{68FE3F5F-6A89-4CB2-AABD-46DB20A8B384}.Debug|Any CPU.ActiveCfg = Debug|Any CPU
		{68FE3F5F-6A89-4CB2-AABD-46DB20A8B384}.Debug|Any CPU.Build.0 = Debug|Any CPU
		{68FE3F5F-6A89-4CB2-AABD-46DB20A8B384}.Release|Any CPU.ActiveCfg = Release|Any CPU
		{68FE3F5F-6A89-4CB2-AABD-46DB20A8B384}.Release|Any CPU.Build.0 = Release|Any CPU
	EndGlobalSection
EndGlobal
